Microsoft Visual Studio Solution File, Format Version 11.00
# Visual Studio 2008

Project("{099D1E60-F16A-B6EC-68DD-074BB8805D07}") = "holographicProjection-GHQ", "Assembly-CSharp-firstpass.csproj", "{412036D6-5852-BB46-0A30-30AF980B2E97}"
EndProject
Project("{099D1E60-F16A-B6EC-68DD-074BB8805D07}") = "holographicProjection-GHQ", "Assembly-CSharp.csproj", "{CD16C5D4-A8AB-4038-E61D-EC465988838D}"
EndProject
Global
	GlobalSection(SolutionConfigurationPlatforms) = preSolution
		Debug|Any CPU = Debug|Any CPU
		Release|Any CPU = Release|Any CPU
	EndGlobalSection
	GlobalSection(ProjectConfigurationPlatforms) = postSolution
		{412036D6-5852-BB46-0A30-30AF980B2E97}.Debug|Any CPU.ActiveCfg = Debug|Any CPU
		{412036D6-5852-BB46-0A30-30AF980B2E97}.Debug|Any CPU.Build.0 = Debug|Any CPU
		{412036D6-5852-BB46-0A30-30AF980B2E97}.Release|Any CPU.ActiveCfg = Release|Any CPU
		{412036D6-5852-BB46-0A30-30AF980B2E97}.Release|Any CPU.Build.0 = Release|Any CPU
		{CD16C5D4-A8AB-4038-E61D-EC465988838D}.Debug|Any CPU.ActiveCfg = Debug|Any CPU
		{CD16C5D4-A8AB-4038-E61D-EC465988838D}.Debug|Any CPU.Build.0 = Debug|Any CPU
		{CD16C5D4-A8AB-4038-E61D-EC465988838D}.Release|Any CPU.ActiveCfg = Release|Any CPU
		{CD16C5D4-A8AB-4038-E61D-EC465988838D}.Release|Any CPU.Build.0 = Release|Any CPU
	EndGlobalSection
	GlobalSection(SolutionProperties) = preSolution
		HideSolutionNode = FALSE
	EndGlobalSection
	GlobalSection(MonoDevelopProperties) = preSolution
		StartupItem = Assembly-CSharp.csproj
	EndGlobalSection
EndGlobal
